
Microsoft Visual Studio Solution File, Format Version 12.00
# Visual Studio Version 17
VisualStudioVersion = 17.4.33122.133
MinimumVisualStudioVersion = 10.0.40219.1
Project("{FAE04EC0-301F-11D3-BF4B-00C04F79EFBC}") = "EduQuiz 5P", "EduQuiz 5P\EduQuiz 5P.csproj", "{547F65D4-6C61-49DF-8D9E-D056684A306B}"
EndProject
Global
	GlobalSection(SolutionConfigurationPlatforms) = preSolution
		Debug|Any CPU = Debug|Any CPU
		Release|Any CPU = Release|Any CPU
	EndGlobalSection
	GlobalSection(ProjectConfigurationPlatforms) = postSolution
		{547F65D4-6C61-49DF-8D9E-D056684A306B}.Debug|Any CPU.ActiveCfg = Debug|Any CPU
		{547F65D4-6C61-49DF-8D9E-D056684A306B}.Debug|Any CPU.Build.0 = Debug|Any CPU
		{547F65D4-6C61-49DF-8D9E-D056684A306B}.Release|Any CPU.ActiveCfg = Release|Any CPU
		{547F65D4-6C61-49DF-8D9E-D056684A306B}.Release|Any CPU.Build.0 = Release|Any CPU
	EndGlobalSection
	GlobalSection(SolutionProperties) = preSolution
		HideSolutionNode = FALSE
	EndGlobalSection
	GlobalSection(ExtensibilityGlobals) = postSolution
		SolutionGuid = {712192DA-1CF8-4B83-90E3-F4AC89D3731B}
	EndGlobalSection
EndGlobal
